
Microsoft Visual Studio Solution File, Format Version 12.00
# Visual Studio 2013
VisualStudioVersion = 12.0.30110.0
MinimumVisualStudioVersion = 10.0.40219.1
Project("{2150E333-8FDC-42A3-9474-1A3956D46DE8}") = "Core", "Core", "{83EFFB30-D1C7-40DE-8FCD-B67EEAAC93F7}"
EndProject
Project("{FAE04EC0-301F-11D3-BF4B-00C04F79EFBC}") = "CodeModel", "CodeModel\CodeModel.csproj", "{F585754A-EE95-491A-A9CA-E2FA417B992F}"
EndProject
Project("{FAE04EC0-301F-11D3-BF4B-00C04F79EFBC}") = "Tests", "Tests\Tests.csproj", "{13CA8683-24D8-4D70-BD01-A26DD2F0A748}"
EndProject
Project("{2150E333-8FDC-42A3-9474-1A3956D46DE8}") = "Tests", "Tests", "{6E18EB8C-5739-4EE6-A0DD-D08E2C91A9D1}"
EndProject
Project("{FAE04EC0-301F-11D3-BF4B-00C04F79EFBC}") = "TestTarget", "TestTarget\TestTarget.csproj", "{D8D9E350-334F-4C68-8C6A-4D498F3FC3ED}"
EndProject
Project("{2150E333-8FDC-42A3-9474-1A3956D46DE8}") = "Extensions", "Extensions", "{B270694A-5360-46A2-AAEE-B4FADF1654CA}"
EndProject
Project("{FAE04EC0-301F-11D3-BF4B-00C04F79EFBC}") = "CodeModel.Extensions.EventSourcing", "CodeModel.Extensions.EventSourcing\CodeModel.Extensions.EventSourcing.csproj", "{EE94106E-B911-4E33-A19A-0C2DAD04BD71}"
EndProject
Project("{FAE04EC0-301F-11D3-BF4B-00C04F79EFBC}") = "TestTarget.Conventions", "TestTarget.Conventions\TestTarget.Conventions.csproj", "{AA9D0D3E-A19D-4C37-B8AB-334C339A50E5}"
EndProject
Project("{2150E333-8FDC-42A3-9474-1A3956D46DE8}") = ".nuget", ".nuget", "{86D65182-96DE-4D74-A8C6-9301022965DB}"
	ProjectSection(SolutionItems) = preProject
		.nuget\packages.config = .nuget\packages.config
	EndProjectSection
EndProject
Project("{FAE04EC0-301F-11D3-BF4B-00C04F79EFBC}") = "CodeModel.Extensions.DgmlExport", "CodeModel.Extensions.DgmlExport\CodeModel.Extensions.DgmlExport.csproj", "{47A0F1FD-F593-48FB-9235-F05B3648CA61}"
EndProject
Project("{FAE04EC0-301F-11D3-BF4B-00C04F79EFBC}") = "CodeModel.Extensions.Cqrs", "CodeModel.Extensions.Cqrs\CodeModel.Extensions.Cqrs.csproj", "{C2707935-FA1A-4BB7-94FD-B38B7D2335AF}"
EndProject
Global
	GlobalSection(SolutionConfigurationPlatforms) = preSolution
		Debug|Any CPU = Debug|Any CPU
		Release|Any CPU = Release|Any CPU
	EndGlobalSection
	GlobalSection(ProjectConfigurationPlatforms) = postSolution
		{F585754A-EE95-491A-A9CA-E2FA417B992F}.Debug|Any CPU.ActiveCfg = Debug|Any CPU
		{F585754A-EE95-491A-A9CA-E2FA417B992F}.Debug|Any CPU.Build.0 = Debug|Any CPU
		{F585754A-EE95-491A-A9CA-E2FA417B992F}.Release|Any CPU.ActiveCfg = Release|Any CPU
		{F585754A-EE95-491A-A9CA-E2FA417B992F}.Release|Any CPU.Build.0 = Release|Any CPU
		{13CA8683-24D8-4D70-BD01-A26DD2F0A748}.Debug|Any CPU.ActiveCfg = Debug|Any CPU
		{13CA8683-24D8-4D70-BD01-A26DD2F0A748}.Debug|Any CPU.Build.0 = Debug|Any CPU
		{13CA8683-24D8-4D70-BD01-A26DD2F0A748}.Release|Any CPU.ActiveCfg = Release|Any CPU
		{13CA8683-24D8-4D70-BD01-A26DD2F0A748}.Release|Any CPU.Build.0 = Release|Any CPU
		{D8D9E350-334F-4C68-8C6A-4D498F3FC3ED}.Debug|Any CPU.ActiveCfg = Debug|Any CPU
		{D8D9E350-334F-4C68-8C6A-4D498F3FC3ED}.Debug|Any CPU.Build.0 = Debug|Any CPU
		{D8D9E350-334F-4C68-8C6A-4D498F3FC3ED}.Release|Any CPU.ActiveCfg = Release|Any CPU
		{D8D9E350-334F-4C68-8C6A-4D498F3FC3ED}.Release|Any CPU.Build.0 = Release|Any CPU
		{EE94106E-B911-4E33-A19A-0C2DAD04BD71}.Debug|Any CPU.ActiveCfg = Debug|Any CPU
		{EE94106E-B911-4E33-A19A-0C2DAD04BD71}.Debug|Any CPU.Build.0 = Debug|Any CPU
		{EE94106E-B911-4E33-A19A-0C2DAD04BD71}.Release|Any CPU.ActiveCfg = Release|Any CPU
		{EE94106E-B911-4E33-A19A-0C2DAD04BD71}.Release|Any CPU.Build.0 = Release|Any CPU
		{AA9D0D3E-A19D-4C37-B8AB-334C339A50E5}.Debug|Any CPU.ActiveCfg = Debug|Any CPU
		{AA9D0D3E-A19D-4C37-B8AB-334C339A50E5}.Debug|Any CPU.Build.0 = Debug|Any CPU
		{AA9D0D3E-A19D-4C37-B8AB-334C339A50E5}.Release|Any CPU.ActiveCfg = Release|Any CPU
		{AA9D0D3E-A19D-4C37-B8AB-334C339A50E5}.Release|Any CPU.Build.0 = Release|Any CPU
		{47A0F1FD-F593-48FB-9235-F05B3648CA61}.Debug|Any CPU.ActiveCfg = Debug|Any CPU
		{47A0F1FD-F593-48FB-9235-F05B3648CA61}.Debug|Any CPU.Build.0 = Debug|Any CPU
		{47A0F1FD-F593-48FB-9235-F05B3648CA61}.Release|Any CPU.ActiveCfg = Release|Any CPU
		{47A0F1FD-F593-48FB-9235-F05B3648CA61}.Release|Any CPU.Build.0 = Release|Any CPU
		{C2707935-FA1A-4BB7-94FD-B38B7D2335AF}.Debug|Any CPU.ActiveCfg = Debug|Any CPU
		{C2707935-FA1A-4BB7-94FD-B38B7D2335AF}.Debug|Any CPU.Build.0 = Debug|Any CPU
		{C2707935-FA1A-4BB7-94FD-B38B7D2335AF}.Release|Any CPU.ActiveCfg = Release|Any CPU
		{C2707935-FA1A-4BB7-94FD-B38B7D2335AF}.Release|Any CPU.Build.0 = Release|Any CPU
	EndGlobalSection
	GlobalSection(SolutionProperties) = preSolution
		HideSolutionNode = FALSE
	EndGlobalSection
	GlobalSection(NestedProjects) = preSolution
		{F585754A-EE95-491A-A9CA-E2FA417B992F} = {83EFFB30-D1C7-40DE-8FCD-B67EEAAC93F7}
		{13CA8683-24D8-4D70-BD01-A26DD2F0A748} = {6E18EB8C-5739-4EE6-A0DD-D08E2C91A9D1}
		{D8D9E350-334F-4C68-8C6A-4D498F3FC3ED} = {6E18EB8C-5739-4EE6-A0DD-D08E2C91A9D1}
		{AA9D0D3E-A19D-4C37-B8AB-334C339A50E5} = {6E18EB8C-5739-4EE6-A0DD-D08E2C91A9D1}
		{EE94106E-B911-4E33-A19A-0C2DAD04BD71} = {B270694A-5360-46A2-AAEE-B4FADF1654CA}
		{47A0F1FD-F593-48FB-9235-F05B3648CA61} = {B270694A-5360-46A2-AAEE-B4FADF1654CA}
		{C2707935-FA1A-4BB7-94FD-B38B7D2335AF} = {B270694A-5360-46A2-AAEE-B4FADF1654CA}
	EndGlobalSection
EndGlobal
